
Microsoft Visual Studio Solution File, Format Version 12.00
# Visual Studio Version 17
VisualStudioVersion = 17.0.31903.59
MinimumVisualStudioVersion = 10.0.40219.1
Project("{2150E333-8FDC-42A3-9474-1A3956D46DE8}") = "src", "src", "{827E0CD3-B72D-47B6-A68D-7590B98EB39B}"
EndProject
Project("{FAE04EC0-301F-11D3-BF4B-00C04F79EFBC}") = "RetailPulse.Api", "src\RetailPulse.Api\RetailPulse.Api.csproj", "{42361E7B-D259-4C1A-BB85-B2508963B90F}"
EndProject
Project("{FAE04EC0-301F-11D3-BF4B-00C04F79EFBC}") = "RetailPulse.Domain", "src\RetailPulse.Domain\RetailPulse.Domain.csproj", "{2ACAA425-4D5C-41B2-B385-B6FB1CD87136}"
EndProject
Project("{FAE04EC0-301F-11D3-BF4B-00C04F79EFBC}") = "RetailPulse.Application", "src\RetailPulse.Application\RetailPulse.Application.csproj", "{36B8777E-2A66-4216-91FD-7DA38F367A09}"
EndProject
Project("{FAE04EC0-301F-11D3-BF4B-00C04F79EFBC}") = "RetailPulse.Infrastructure", "src\RetailPulse.Infrastructure\RetailPulse.Infrastructure.csproj", "{07528CA4-6882-4879-A9B1-782B0D4E1C32}"
EndProject
Project("{FAE04EC0-301F-11D3-BF4B-00C04F79EFBC}") = "RetailPulse.Worker", "src\RetailPulse.Worker\RetailPulse.Worker.csproj", "{B10E4CEE-775B-4A93-9EEE-1E32ED1A7EA8}"
EndProject
Project("{2150E333-8FDC-42A3-9474-1A3956D46DE8}") = "tests", "tests", "{0AB3BF05-4346-4AA6-1389-037BE0695223}"
EndProject
Project("{FAE04EC0-301F-11D3-BF4B-00C04F79EFBC}") = "RetailPulse.Domain.Tests", "tests\RetailPulse.Domain.Tests\RetailPulse.Domain.Tests.csproj", "{9A6DBC51-2E23-4E81-B030-5C0A83F46AB3}"
EndProject
Project("{FAE04EC0-301F-11D3-BF4B-00C04F79EFBC}") = "RetailPulse.Application.Tests", "tests\RetailPulse.Application.Tests\RetailPulse.Application.Tests.csproj", "{0EA24691-8303-407D-B072-67643239DBA4}"
EndProject
Project("{FAE04EC0-301F-11D3-BF4B-00C04F79EFBC}") = "RetailPulse.Api.Tests", "tests\RetailPulse.Api.Tests\RetailPulse.Api.Tests.csproj", "{13AF0FC4-DDA1-4756-9AF1-73A75F223047}"
EndProject
Global
	GlobalSection(SolutionConfigurationPlatforms) = preSolution
		Debug|Any CPU = Debug|Any CPU
		Debug|x64 = Debug|x64
		Debug|x86 = Debug|x86
		Release|Any CPU = Release|Any CPU
		Release|x64 = Release|x64
		Release|x86 = Release|x86
	EndGlobalSection
	GlobalSection(ProjectConfigurationPlatforms) = postSolution
		{42361E7B-D259-4C1A-BB85-B2508963B90F}.Debug|Any CPU.ActiveCfg = Debug|Any CPU
		{42361E7B-D259-4C1A-BB85-B2508963B90F}.Debug|Any CPU.Build.0 = Debug|Any CPU
		{42361E7B-D259-4C1A-BB85-B2508963B90F}.Debug|x64.ActiveCfg = Debug|Any CPU
		{42361E7B-D259-4C1A-BB85-B2508963B90F}.Debug|x64.Build.0 = Debug|Any CPU
		{42361E7B-D259-4C1A-BB85-B2508963B90F}.Debug|x86.ActiveCfg = Debug|Any CPU
		{42361E7B-D259-4C1A-BB85-B2508963B90F}.Debug|x86.Build.0 = Debug|Any CPU
		{42361E7B-D259-4C1A-BB85-B2508963B90F}.Release|Any CPU.ActiveCfg = Release|Any CPU
		{42361E7B-D259-4C1A-BB85-B2508963B90F}.Release|Any CPU.Build.0 = Release|Any CPU
		{42361E7B-D259-4C1A-BB85-B2508963B90F}.Release|x64.ActiveCfg = Release|Any CPU
		{42361E7B-D259-4C1A-BB85-B2508963B90F}.Release|x64.Build.0 = Release|Any CPU
		{42361E7B-D259-4C1A-BB85-B2508963B90F}.Release|x86.ActiveCfg = Release|Any CPU
		{42361E7B-D259-4C1A-BB85-B2508963B90F}.Release|x86.Build.0 = Release|Any CPU
		{2ACAA425-4D5C-41B2-B385-B6FB1CD87136}.Debug|Any CPU.ActiveCfg = Debug|Any CPU
		{2ACAA425-4D5C-41B2-B385-B6FB1CD87136}.Debug|Any CPU.Build.0 = Debug|Any CPU
		{2ACAA425-4D5C-41B2-B385-B6FB1CD87136}.Debug|x64.ActiveCfg = Debug|Any CPU
		{2ACAA425-4D5C-41B2-B385-B6FB1CD87136}.Debug|x64.Build.0 = Debug|Any CPU
		{2ACAA425-4D5C-41B2-B385-B6FB1CD87136}.Debug|x86.ActiveCfg = Debug|Any CPU
		{2ACAA425-4D5C-41B2-B385-B6FB1CD87136}.Debug|x86.Build.0 = Debug|Any CPU
		{2ACAA425-4D5C-41B2-B385-B6FB1CD87136}.Release|Any CPU.ActiveCfg = Release|Any CPU
		{2ACAA425-4D5C-41B2-B385-B6FB1CD87136}.Release|Any CPU.Build.0 = Release|Any CPU
		{2ACAA425-4D5C-41B2-B385-B6FB1CD87136}.Release|x64.ActiveCfg = Release|Any CPU
		{2ACAA425-4D5C-41B2-B385-B6FB1CD87136}.Release|x64.Build.0 = Release|Any CPU
		{2ACAA425-4D5C-41B2-B385-B6FB1CD87136}.Release|x86.ActiveCfg = Release|Any CPU
		{2ACAA425-4D5C-41B2-B385-B6FB1CD87136}.Release|x86.Build.0 = Release|Any CPU
		{36B8777E-2A66-4216-91FD-7DA38F367A09}.Debug|Any CPU.ActiveCfg = Debug|Any CPU
		{36B8777E-2A66-4216-91FD-7DA38F367A09}.Debug|Any CPU.Build.0 = Debug|Any CPU
		{36B8777E-2A66-4216-91FD-7DA38F367A09}.Debug|x64.ActiveCfg = Debug|Any CPU
		{36B8777E-2A66-4216-91FD-7DA38F367A09}.Debug|x64.Build.0 = Debug|Any CPU
		{36B8777E-2A66-4216-91FD-7DA38F367A09}.Debug|x86.ActiveCfg = Debug|Any CPU
		{36B8777E-2A66-4216-91FD-7DA38F367A09}.Debug|x86.Build.0 = Debug|Any CPU
		{36B8777E-2A66-4216-91FD-7DA38F367A09}.Release|Any CPU.ActiveCfg = Release|Any CPU
		{36B8777E-2A66-4216-91FD-7DA38F367A09}.Release|Any CPU.Build.0 = Release|Any CPU
		{36B8777E-2A66-4216-91FD-7DA38F367A09}.Release|x64.ActiveCfg = Release|Any CPU
		{36B8777E-2A66-4216-91FD-7DA38F367A09}.Release|x64.Build.0 = Release|Any CPU
		{36B8777E-2A66-4216-91FD-7DA38F367A09}.Release|x86.ActiveCfg = Release|Any CPU
		{36B8777E-2A66-4216-91FD-7DA38F367A09}.Release|x86.Build.0 = Release|Any CPU
		{07528CA4-6882-4879-A9B1-782B0D4E1C32}.Debug|Any CPU.ActiveCfg = Debug|Any CPU
		{07528CA4-6882-4879-A9B1-782B0D4E1C32}.Debug|Any CPU.Build.0 = Debug|Any CPU
		{07528CA4-6882-4879-A9B1-782B0D4E1C32}.Debug|x64.ActiveCfg = Debug|Any CPU
		{07528CA4-6882-4879-A9B1-782B0D4E1C32}.Debug|x64.Build.0 = Debug|Any CPU
		{07528CA4-6882-4879-A9B1-782B0D4E1C32}.Debug|x86.ActiveCfg = Debug|Any CPU
		{07528CA4-6882-4879-A9B1-782B0D4E1C32}.Debug|x86.Build.0 = Debug|Any CPU
		{07528CA4-6882-4879-A9B1-782B0D4E1C32}.Release|Any CPU.ActiveCfg = Release|Any CPU
		{07528CA4-6882-4879-A9B1-782B0D4E1C32}.Release|Any CPU.Build.0 = Release|Any CPU
		{07528CA4-6882-4879-A9B1-782B0D4E1C32}.Release|x64.ActiveCfg = Release|Any CPU
		{07528CA4-6882-4879-A9B1-782B0D4E1C32}.Release|x64.Build.0 = Release|Any CPU
		{07528CA4-6882-4879-A9B1-782B0D4E1C32}.Release|x86.ActiveCfg = Release|Any CPU
		{07528CA4-6882-4879-A9B1-782B0D4E1C32}.Release|x86.Build.0 = Release|Any CPU
		{B10E4CEE-775B-4A93-9EEE-1E32ED1A7EA8}.Debug|Any CPU.ActiveCfg = Debug|Any CPU
		{B10E4CEE-775B-4A93-9EEE-1E32ED1A7EA8}.Debug|Any CPU.Build.0 = Debug|Any CPU
		{B10E4CEE-775B-4A93-9EEE-1E32ED1A7EA8}.Debug|x64.ActiveCfg = Debug|Any CPU
		{B10E4CEE-775B-4A93-9EEE-1E32ED1A7EA8}.Debug|x64.Build.0 = Debug|Any CPU
		{B10E4CEE-775B-4A93-9EEE-1E32ED1A7EA8}.Debug|x86.ActiveCfg = Debug|Any CPU
		{B10E4CEE-775B-4A93-9EEE-1E32ED1A7EA8}.Debug|x86.Build.0 = Debug|Any CPU
		{B10E4CEE-775B-4A93-9EEE-1E32ED1A7EA8}.Release|Any CPU.ActiveCfg = Release|Any CPU
		{B10E4CEE-775B-4A93-9EEE-1E32ED1A7EA8}.Release|Any CPU.Build.0 = Release|Any CPU
		{B10E4CEE-775B-4A93-9EEE-1E32ED1A7EA8}.Release|x64.ActiveCfg = Release|Any CPU
		{B10E4CEE-775B-4A93-9EEE-1E32ED1A7EA8}.Release|x64.Build.0 = Release|Any CPU
		{B10E4CEE-775B-4A93-9EEE-1E32ED1A7EA8}.Release|x86.ActiveCfg = Release|Any CPU
		{B10E4CEE-775B-4A93-9EEE-1E32ED1A7EA8}.Release|x86.Build.0 = Release|Any CPU
		{9A6DBC51-2E23-4E81-B030-5C0A83F46AB3}.Debug|Any CPU.ActiveCfg = Debug|Any CPU
		{9A6DBC51-2E23-4E81-B030-5C0A83F46AB3}.Debug|Any CPU.Build.0 = Debug|Any CPU
		{9A6DBC51-2E23-4E81-B030-5C0A83F46AB3}.Debug|x64.ActiveCfg = Debug|Any CPU
		{9A6DBC51-2E23-4E81-B030-5C0A83F46AB3}.Debug|x64.Build.0 = Debug|Any CPU
		{9A6DBC51-2E23-4E81-B030-5C0A83F46AB3}.Debug|x86.ActiveCfg = Debug|Any CPU
		{9A6DBC51-2E23-4E81-B030-5C0A83F46AB3}.Debug|x86.Build.0 = Debug|Any CPU
		{9A6DBC51-2E23-4E81-B030-5C0A83F46AB3}.Release|Any CPU.ActiveCfg = Release|Any CPU
		{9A6DBC51-2E23-4E81-B030-5C0A83F46AB3}.Release|Any CPU.Build.0 = Release|Any CPU
		{9A6DBC51-2E23-4E81-B030-5C0A83F46AB3}.Release|x64.ActiveCfg = Release|Any CPU
		{9A6DBC51-2E23-4E81-B030-5C0A83F46AB3}.Release|x64.Build.0 = Release|Any CPU
		{9A6DBC51-2E23-4E81-B030-5C0A83F46AB3}.Release|x86.ActiveCfg = Release|Any CPU
		{9A6DBC51-2E23-4E81-B030-5C0A83F46AB3}.Release|x86.Build.0 = Release|Any CPU
		{0EA24691-8303-407D-B072-67643239DBA4}.Debug|Any CPU.ActiveCfg = Debug|Any CPU
		{0EA24691-8303-407D-B072-67643239DBA4}.Debug|Any CPU.Build.0 = Debug|Any CPU
		{0EA24691-8303-407D-B072-67643239DBA4}.Debug|x64.ActiveCfg = Debug|Any CPU
		{0EA24691-8303-407D-B072-67643239DBA4}.Debug|x64.Build.0 = Debug|Any CPU
		{0EA24691-8303-407D-B072-67643239DBA4}.Debug|x86.ActiveCfg = Debug|Any CPU
		{0EA24691-8303-407D-B072-67643239DBA4}.Debug|x86.Build.0 = Debug|Any CPU
		{0EA24691-8303-407D-B072-67643239DBA4}.Release|Any CPU.ActiveCfg = Release|Any CPU
		{0EA24691-8303-407D-B072-67643239DBA4}.Release|Any CPU.Build.0 = Release|Any CPU
		{0EA24691-8303-407D-B072-67643239DBA4}.Release|x64.ActiveCfg = Release|Any CPU
		{0EA24691-8303-407D-B072-67643239DBA4}.Release|x64.Build.0 = Release|Any CPU
		{0EA24691-8303-407D-B072-67643239DBA4}.Release|x86.ActiveCfg = Release|Any CPU
		{0EA24691-8303-407D-B072-67643239DBA4}.Release|x86.Build.0 = Release|Any CPU
		{13AF0FC4-DDA1-4756-9AF1-73A75F223047}.Debug|Any CPU.ActiveCfg = Debug|Any CPU
		{13AF0FC4-DDA1-4756-9AF1-73A75F223047}.Debug|Any CPU.Build.0 = Debug|Any CPU
		{13AF0FC4-DDA1-4756-9AF1-73A75F223047}.Debug|x64.ActiveCfg = Debug|Any CPU
		{13AF0FC4-DDA1-4756-9AF1-73A75F223047}.Debug|x64.Build.0 = Debug|Any CPU
		{13AF0FC4-DDA1-4756-9AF1-73A75F223047}.Debug|x86.ActiveCfg = Debug|Any CPU
		{13AF0FC4-DDA1-4756-9AF1-73A75F223047}.Debug|x86.Build.0 = Debug|Any CPU
		{13AF0FC4-DDA1-4756-9AF1-73A75F223047}.Release|Any CPU.ActiveCfg = Release|Any CPU
		{13AF0FC4-DDA1-4756-9AF1-73A75F223047}.Release|Any CPU.Build.0 = Release|Any CPU
		{13AF0FC4-DDA1-4756-9AF1-73A75F223047}.Release|x64.ActiveCfg = Release|Any CPU
		{13AF0FC4-DDA1-4756-9AF1-73A75F223047}.Release|x64.Build.0 = Release|Any CPU
		{13AF0FC4-DDA1-4756-9AF1-73A75F223047}.Release|x86.ActiveCfg = Release|Any CPU
		{13AF0FC4-DDA1-4756-9AF1-73A75F223047}.Release|x86.Build.0 = Release|Any CPU
	EndGlobalSection
	GlobalSection(SolutionProperties) = preSolution
		HideSolutionNode = FALSE
	EndGlobalSection
	GlobalSection(NestedProjects) = preSolution
		{42361E7B-D259-4C1A-BB85-B2508963B90F} = {827E0CD3-B72D-47B6-A68D-7590B98EB39B}
		{2ACAA425-4D5C-41B2-B385-B6FB1CD87136} = {827E0CD3-B72D-47B6-A68D-7590B98EB39B}
		{36B8777E-2A66-4216-91FD-7DA38F367A09} = {827E0CD3-B72D-47B6-A68D-7590B98EB39B}
		{07528CA4-6882-4879-A9B1-782B0D4E1C32} = {827E0CD3-B72D-47B6-A68D-7590B98EB39B}
		{B10E4CEE-775B-4A93-9EEE-1E32ED1A7EA8} = {827E0CD3-B72D-47B6-A68D-7590B98EB39B}
		{9A6DBC51-2E23-4E81-B030-5C0A83F46AB3} = {0AB3BF05-4346-4AA6-1389-037BE0695223}
		{0EA24691-8303-407D-B072-67643239DBA4} = {0AB3BF05-4346-4AA6-1389-037BE0695223}
		{13AF0FC4-DDA1-4756-9AF1-73A75F223047} = {0AB3BF05-4346-4AA6-1389-037BE0695223}
	EndGlobalSection
EndGlobal
